NeoBundleLock VimCompletesMe 7ae413e00691dff4bad450229ebed37d27673c10
NeoBundleLock delimitmate 728b57a6564c1d2bdfb9b9e0f2f8c5ba3d7e0c5c
NeoBundleLock neobundle.vim c6fa48cd665071b7a4dbf5ab53f48cd5884716ee
NeoBundleLock nerdtree 5ce9bda392dc64f6c52053b351ac512cc7ba00cc
NeoBundleLock vim-polyglot 8eab5f5403afc1c33a7593459a27f7ff625fa60b
